// !$*UTF8*$!
{
	archiveVersion = 1;
	classes = {
	};
	objectVersion = 46;
	objects = {

/* Begin PBXBuildFile section */
		20BD72AF449BB49CCA69D216 /* libPods-GradesforYear2UITests.a in Frameworks */ = {isa = PBXBuildFile; fileRef = FF83260726B6F6D4458451A9 /* libPods-GradesforYear2UITests.a */; };
		8D5034DBE5D7550D8BAB80A4 /* libPods-GradesforYear2Tests.a in Frameworks */ = {isa = PBXBuildFile; fileRef = A54B4EE2CCC20F24807C26B2 /* libPods-GradesforYear2Tests.a */; };
		9461152AB855171EBB394530 /* libPods-GradesforYear2.a in Frameworks */ = {isa = PBXBuildFile; fileRef = FFCD5821560E119CE4BB8CD2 /* libPods-GradesforYear2.a */; };
		CA1AFD391FDDB42100A929B2 /* singletonclass.m in Sources */ = {isa = PBXBuildFile; fileRef = CA1AFD381FDDB42100A929B2 /* singletonclass.m */; };
		CA1E62291FDB31DE00609DA7 /* MMDrawerBarButtonItem.m in Sources */ = {isa = PBXBuildFile; fileRef = CA1E62211FDB31DE00609DA7 /* MMDrawerBarButtonItem.m */; };
		CA1E622A1FDB31DE00609DA7 /* MMDrawerController.m in Sources */ = {isa = PBXBuildFile; fileRef = CA1E62231FDB31DE00609DA7 /* MMDrawerController.m */; };
		CA1E622B1FDB31DE00609DA7 /* MMDrawerVisualState.m in Sources */ = {isa = PBXBuildFile; fileRef = CA1E62261FDB31DE00609DA7 /* MMDrawerVisualState.m */; };
		CA1E622C1FDB31DE00609DA7 /* UIViewController+MMDrawerController.m in Sources */ = {isa = PBXBuildFile; fileRef = CA1E62281FDB31DE00609DA7 /* UIViewController+MMDrawerController.m */; };
		CA25825C1FDB794F00555F05 /* album-simple-7.png in Resources */ = {isa = PBXBuildFile; fileRef = CA25825B1FDB794F00555F05 /* album-simple-7.png */; };
		CA25825E1FDB795800555F05 /* book-cover-star-7.png in Resources */ = {isa = PBXBuildFile; fileRef = CA25825D1FDB795800555F05 /* book-cover-star-7.png */; };
		CA2582641FDC130F00555F05 /* choosemoduleViewController.m in Sources */ = {isa = PBXBuildFile; fileRef = CA2582631FDC130F00555F05 /* choosemoduleViewController.m */; };
		CA55198D1FDAE13F0073CC04 /* main.m in Sources */ = {isa = PBXBuildFile; fileRef = CA55198C1FDAE13F0073CC04 /* main.m */; };
		CA5519901FDAE13F0073CC04 /* AppDelegate.m in Sources */ = {isa = PBXBuildFile; fileRef = CA55198F1FDAE13F0073CC04 /* AppDelegate.m */; };
		CA5519931FDAE13F0073CC04 /* ViewController.m in Sources */ = {isa = PBXBuildFile; fileRef = CA5519921FDAE13F0073CC04 /* ViewController.m */; };
		CA5519961FDAE13F0073CC04 /* Main.storyboard in Resources */ = {isa = PBXBuildFile; fileRef = CA5519941FDAE13F0073CC04 /* Main.storyboard */; };
		CA5519981FDAE13F0073CC04 /* Assets.xcassets in Resources */ = {isa = PBXBuildFile; fileRef = CA5519971FDAE13F0073CC04 /* Assets.xcassets */; };
		CA55199B1FDAE13F0073CC04 /* LaunchScreen.storyboard in Resources */ = {isa = PBXBuildFile; fileRef = CA5519991FDAE13F0073CC04 /* LaunchScreen.storyboard */; };
		CA5519A61FDAE13F0073CC04 /* GradesforYear2Tests.m in Sources */ = {isa = PBXBuildFile; fileRef = CA5519A51FDAE13F0073CC04 /* GradesforYear2Tests.m */; };
		CA5519B11FDAE13F0073CC04 /* GradesforYear2UITests.m in Sources */ = {isa = PBXBuildFile; fileRef = CA5519B01FDAE13F0073CC04 /* GradesforYear2UITests.m */; };
		CA5519C01FDAE1F00073CC04 /* TOMSMorphingLabel.m in Sources */ = {isa = PBXBuildFile; fileRef = CA5519BF1FDAE1F00073CC04 /* TOMSMorphingLabel.m */; };
		CA5519C31FDAE2230073CC04 /* NSString+Morphing.m in Sources */ = {isa = PBXBuildFile; fileRef = CA5519C21FDAE2230073CC04 /* NSString+Morphing.m */; };
		CA674CF31FDC780200512886 /* ViewmoduledataViewController.m in Sources */ = {isa = PBXBuildFile; fileRef = CA674CF21FDC780200512886 /* ViewmoduledataViewController.m */; };
		CAA5962E1FDC15D600C3C57E /* subjectTableViewController.m in Sources */ = {isa = PBXBuildFile; fileRef = CAA5962D1FDC15D600C3C57E /* subjectTableViewController.m */; };
		CAA596311FDC163E00C3C57E /* module.m in Sources */ = {isa = PBXBuildFile; fileRef = CAA596301FDC163E00C3C57E /* module.m */; };
		CAA596341FDC16BA00C3C57E /* Datamodel.m in Sources */ = {isa = PBXBuildFile; fileRef = CAA596331FDC16BA00C3C57E /* Datamodel.m */; };
		CAA596361FDC298600C3C57E /* pencil-7.png in Resources */ = {isa = PBXBuildFile; fileRef = CAA596351FDC298600C3C57E /* pencil-7.png */; };
/* End PBXBuildFile section */

/* Begin PBXContainerItemProxy section */
		CA5519A21FDAE13F0073CC04 /* PBXContainerItemProxy */ = {
			isa = PBXContainerItemProxy;
			containerPortal = CA5519801FDAE13F0073CC04 /* Project object */;
			proxyType = 1;
			remoteGlobalIDString = CA5519871FDAE13F0073CC04;
			remoteInfo = GradesforYear2;
		};
		CA5519AD1FDAE13F0073CC04 /* PBXContainerItemProxy */ = {
			isa = PBXContainerItemProxy;
			containerPortal = CA5519801FDAE13F0073CC04 /* Project object */;
			proxyType = 1;
			remoteGlobalIDString = CA5519871FDAE13F0073CC04;
			remoteInfo = GradesforYear2;
		};
/* End PBXContainerItemProxy section */

/* Begin PBXFileReference section */
		12CE90BA7877A37330423CBB /* Pods-GradesforYear2Tests.release.xcconfig */ = {isa = PBXFileReference; includeInIndex = 1; lastKnownFileType = text.xcconfig; name = "Pods-GradesforYear2Tests.release.xcconfig"; path = "Pods/Target Support Files/Pods-GradesforYear2Tests/Pods-GradesforYear2Tests.release.xcconfig"; sourceTree = "<group>"; };
		14201BD8231177083207E6F6 /* Pods-GradesforYear2UITests.debug.xcconfig */ = {isa = PBXFileReference; includeInIndex = 1; lastKnownFileType = text.xcconfig; name = "Pods-GradesforYear2UITests.debug.xcconfig"; path = "Pods/Target Support Files/Pods-GradesforYear2UITests/Pods-GradesforYear2UITests.debug.xcconfig"; sourceTree = "<group>"; };
		6E5EE3EE1927A8141EABDDAF /* Pods-GradesforYear2.debug.xcconfig */ = {isa = PBXFileReference; includeInIndex = 1; lastKnownFileType = text.xcconfig; name = "Pods-GradesforYear2.debug.xcconfig"; path = "Pods/Target Support Files/Pods-GradesforYear2/Pods-GradesforYear2.debug.xcconfig"; sourceTree = "<group>"; };
		7528C17429639571F4B19549 /* Pods-GradesforYear2UITests.release.xcconfig */ = {isa = PBXFileReference; includeInIndex = 1; lastKnownFileType = text.xcconfig; name = "Pods-GradesforYear2UITests.release.xcconfig"; path = "Pods/Target Support Files/Pods-GradesforYear2UITests/Pods-GradesforYear2UITests.release.xcconfig"; sourceTree = "<group>"; };
		A54B4EE2CCC20F24807C26B2 /* libPods-GradesforYear2Tests.a */ = {isa = PBXFileReference; explicitFileType = archive.ar; includeInIndex = 0; path = "libPods-GradesforYear2Tests.a"; sourceTree = BUILT_PRODUCTS_DIR; };
		B04E0B302786BBF6956CAEEE /* Pods-GradesforYear2Tests.debug.xcconfig */ = {isa = PBXFileReference; includeInIndex = 1; lastKnownFileType = text.xcconfig; name = "Pods-GradesforYear2Tests.debug.xcconfig"; path = "Pods/Target Support Files/Pods-GradesforYear2Tests/Pods-GradesforYear2Tests.debug.xcconfig"; sourceTree = "<group>"; };
		CA1AFD371FDDB42100A929B2 /* singletonclass.h */ = {isa = PBXFileReference; fileEncoding = 4; lastKnownFileType = sourcecode.c.h; path = singletonclass.h; sourceTree = "<group>"; };
		CA1AFD381FDDB42100A929B2 /* singletonclass.m */ = {isa = PBXFileReference; fileEncoding = 4; lastKnownFileType = sourcecode.c.objc; path = singletonclass.m; sourceTree = "<group>"; };
		CA1E62201FDB31DE00609DA7 /* MMDrawerBarButtonItem.h */ = {isa = PBXFileReference; fileEncoding = 4; lastKnownFileType = sourcecode.c.h; path = MMDrawerBarButtonItem.h; sourceTree = "<group>"; };
		CA1E62211FDB31DE00609DA7 /* MMDrawerBarButtonItem.m */ = {isa = PBXFileReference; fileEncoding = 4; lastKnownFileType = sourcecode.c.objc; path = MMDrawerBarButtonItem.m; sourceTree = "<group>"; };
		CA1E62221FDB31DE00609DA7 /* MMDrawerController.h */ = {isa = PBXFileReference; fileEncoding = 4; lastKnownFileType = sourcecode.c.h; path = MMDrawerController.h; sourceTree = "<group>"; };
		CA1E62231FDB31DE00609DA7 /* MMDrawerController.m */ = {isa = PBXFileReference; fileEncoding = 4; lastKnownFileType = sourcecode.c.objc; path = MMDrawerController.m; sourceTree = "<group>"; };
		CA1E62241FDB31DE00609DA7 /* MMDrawerController+Subclass.h */ = {isa = PBXFileReference; fileEncoding = 4; lastKnownFileType = sourcecode.c.h; path = "MMDrawerController+Subclass.h"; sourceTree = "<group>"; };
		CA1E62251FDB31DE00609DA7 /* MMDrawerVisualState.h */ = {isa = PBXFileReference; fileEncoding = 4; lastKnownFileType = sourcecode.c.h; path = MMDrawerVisualState.h; sourceTree = "<group>"; };
		CA1E62261FDB31DE00609DA7 /* MMDrawerVisualState.m */ = {isa = PBXFileReference; fileEncoding = 4; lastKnownFileType = sourcecode.c.objc; path = MMDrawerVisualState.m; sourceTree = "<group>"; };
		CA1E62271FDB31DE00609DA7 /* UIViewController+MMDrawerController.h */ = {isa = PBXFileReference; fileEncoding = 4; lastKnownFileType = sourcecode.c.h; path = "UIViewController+MMDrawerController.h"; sourceTree = "<group>"; };
		CA1E62281FDB31DE00609DA7 /* UIViewController+MMDrawerController.m */ = {isa = PBXFileReference; fileEncoding = 4; lastKnownFileType = sourcecode.c.objc; path = "UIViewController+MMDrawerController.m"; sourceTree = "<group>"; };
		CA25825B1FDB794F00555F05 /* album-simple-7.png */ = {isa = PBXFileReference; lastKnownFileType = image.png; path = "album-simple-7.png"; sourceTree = "<group>"; };
		CA25825D1FDB795800555F05 /* book-cover-star-7.png */ = {isa = PBXFileReference; lastKnownFileType = image.png; path = "book-cover-star-7.png"; sourceTree = "<group>"; };
		CA2582621FDC130F00555F05 /* choosemoduleViewController.h */ = {isa = PBXFileReference; fileEncoding = 4; lastKnownFileType = sourcecode.c.h; path = choosemoduleViewController.h; sourceTree = "<group>"; };
		CA2582631FDC130F00555F05 /* choosemoduleViewController.m */ = {isa = PBXFileReference; fileEncoding = 4; lastKnownFileType = sourcecode.c.objc; path = choosemoduleViewController.m; sourceTree = "<group>"; };
		CA5519881FDAE13F0073CC04 /* GradesforYear2.app */ = {isa = PBXFileReference; explicitFileType = wrapper.application; includeInIndex = 0; path = GradesforYear2.app; sourceTree = BUILT_PRODUCTS_DIR; };
		CA55198C1FDAE13F0073CC04 /* main.m */ = {isa = PBXFileReference; lastKnownFileType = sourcecode.c.objc; path = main.m; sourceTree = "<group>"; };
		CA55198E1FDAE13F0073CC04 /* AppDelegate.h */ = {isa = PBXFileReference; lastKnownFileType = sourcecode.c.h; path = AppDelegate.h; sourceTree = "<group>"; };
		CA55198F1FDAE13F0073CC04 /* AppDelegate.m */ = {isa = PBXFileReference; lastKnownFileType = sourcecode.c.objc; path = AppDelegate.m; sourceTree = "<group>"; };
		CA5519911FDAE13F0073CC04 /* ViewController.h */ = {isa = PBXFileReference; lastKnownFileType = sourcecode.c.h; path = ViewController.h; sourceTree = "<group>"; };
		CA5519921FDAE13F0073CC04 /* ViewController.m */ = {isa = PBXFileReference; lastKnownFileType = sourcecode.c.objc; path = ViewController.m; sourceTree = "<group>"; };
		CA5519951FDAE13F0073CC04 /* Base */ = {isa = PBXFileReference; lastKnownFileType = file.storyboard; name = Base; path = Base.lproj/Main.storyboard; sourceTree = "<group>"; };
		CA5519971FDAE13F0073CC04 /* Assets.xcassets */ = {isa = PBXFileReference; lastKnownFileType = folder.assetcatalog; path = Assets.xcassets; sourceTree = "<group>"; };
		CA55199A1FDAE13F0073CC04 /* Base */ = {isa = PBXFileReference; lastKnownFileType = file.storyboard; name = Base; path = Base.lproj/LaunchScreen.storyboard; sourceTree = "<group>"; };
		CA55199C1FDAE13F0073CC04 /* Info.plist */ = {isa = PBXFileReference; lastKnownFileType = text.plist.xml; path = Info.plist; sourceTree = "<group>"; };
		CA5519A11FDAE13F0073CC04 /* GradesforYear2Tests.xctest */ = {isa = PBXFileReference; explicitFileType = wrapper.cfbundle; includeInIndex = 0; path = GradesforYear2Tests.xctest; sourceTree = BUILT_PRODUCTS_DIR; };
		CA5519A51FDAE13F0073CC04 /* GradesforYear2Tests.m */ = {isa = PBXFileReference; lastKnownFileType = sourcecode.c.objc; path = GradesforYear2Tests.m; sourceTree = "<group>"; };
		CA5519A71FDAE13F0073CC04 /* Info.plist */ = {isa = PBXFileReference; lastKnownFileType = text.plist.xml; path = Info.plist; sourceTree = "<group>"; };
		CA5519AC1FDAE13F0073CC04 /* GradesforYear2UITests.xctest */ = {isa = PBXFileReference; explicitFileType = wrapper.cfbundle; includeInIndex = 0; path = GradesforYear2UITests.xctest; sourceTree = BUILT_PRODUCTS_DIR; };
		CA5519B01FDAE13F0073CC04 /* GradesforYear2UITests.m */ = {isa = PBXFileReference; lastKnownFileType = sourcecode.c.objc; path = GradesforYear2UITests.m; sourceTree = "<group>"; };
		CA5519B21FDAE13F0073CC04 /* Info.plist */ = {isa = PBXFileReference; lastKnownFileType = text.plist.xml; path = Info.plist; sourceTree = "<group>"; };
		CA5519BE1FDAE1F00073CC04 /* TOMSMorphingLabel.h */ = {isa = PBXFileReference; fileEncoding = 4; lastKnownFileType = sourcecode.c.h; path = TOMSMorphingLabel.h; sourceTree = "<group>"; };
		CA5519BF1FDAE1F00073CC04 /* TOMSMorphingLabel.m */ = {isa = PBXFileReference; fileEncoding = 4; lastKnownFileType = sourcecode.c.objc; path = TOMSMorphingLabel.m; sourceTree = "<group>"; };
		CA5519C11FDAE2230073CC04 /* NSString+Morphing.h */ = {isa = PBXFileReference; fileEncoding = 4; lastKnownFileType = sourcecode.c.h; path = "NSString+Morphing.h"; sourceTree = "<group>"; };
		CA5519C21FDAE2230073CC04 /* NSString+Morphing.m */ = {isa = PBXFileReference; fileEncoding = 4; lastKnownFileType = sourcecode.c.objc; path = "NSString+Morphing.m"; sourceTree = "<group>"; };
		CA674CF11FDC780200512886 /* ViewmoduledataViewController.h */ = {isa = PBXFileReference; fileEncoding = 4; lastKnownFileType = sourcecode.c.h; path = ViewmoduledataViewController.h; sourceTree = "<group>"; };
		CA674CF21FDC780200512886 /* ViewmoduledataViewController.m */ = {isa = PBXFileReference; fileEncoding = 4; lastKnownFileType = sourcecode.c.objc; path = ViewmoduledataViewController.m; sourceTree = "<group>"; };
		CAA5962C1FDC15D600C3C57E /* subjectTableViewController.h */ = {isa = PBXFileReference; fileEncoding = 4; lastKnownFileType = sourcecode.c.h; path = subjectTableViewController.h; sourceTree = "<group>"; };
		CAA5962D1FDC15D600C3C57E /* subjectTableViewController.m */ = {isa = PBXFileReference; fileEncoding = 4; lastKnownFileType = sourcecode.c.objc; path = subjectTableViewController.m; sourceTree = "<group>"; };
		CAA5962F1FDC163E00C3C57E /* module.h */ = {isa = PBXFileReference; fileEncoding = 4; lastKnownFileType = sourcecode.c.h; path = module.h; sourceTree = "<group>"; };
		CAA596301FDC163E00C3C57E /* module.m */ = {isa = PBXFileReference; fileEncoding = 4; lastKnownFileType = sourcecode.c.objc; path = module.m; sourceTree = "<group>"; };
		CAA596321FDC16BA00C3C57E /* Datamodel.h */ = {isa = PBXFileReference; fileEncoding = 4; lastKnownFileType = sourcecode.c.h; path = Datamodel.h; sourceTree = "<group>"; };
		CAA596331FDC16BA00C3C57E /* Datamodel.m */ = {isa = PBXFileReference; fileEncoding = 4; lastKnownFileType = sourcecode.c.objc; path = Datamodel.m; sourceTree = "<group>"; };
		CAA596351FDC298600C3C57E /* pencil-7.png */ = {isa = PBXFileReference; lastKnownFileType = image.png; path = "pencil-7.png"; sourceTree = "<group>"; };
		FEDA9DAF027659A0DFC080AB /* Pods-GradesforYear2.release.xcconfig */ = {isa = PBXFileReference; includeInIndex = 1; lastKnownFileType = text.xcconfig; name = "Pods-GradesforYear2.release.xcconfig"; path = "Pods/Target Support Files/Pods-GradesforYear2/Pods-GradesforYear2.release.xcconfig"; sourceTree = "<group>"; };
		FF83260726B6F6D4458451A9 /* libPods-GradesforYear2UITests.a */ = {isa = PBXFileReference; explicitFileType = archive.ar; includeInIndex = 0; path = "libPods-GradesforYear2UITests.a"; sourceTree = BUILT_PRODUCTS_DIR; };
		FFCD5821560E119CE4BB8CD2 /* libPods-GradesforYear2.a */ = {isa = PBXFileReference; explicitFileType = archive.ar; includeInIndex = 0; path = "libPods-GradesforYear2.a"; sourceTree = BUILT_PRODUCTS_DIR; };
/* End PBXFileReference section */

/* Begin PBXFrameworksBuildPhase section */
		CA5519851FDAE13F0073CC04 /* Frameworks */ = {
			isa = PBXFrameworksBuildPhase;
			buildActionMask = 2147483647;
			files = (
				9461152AB855171EBB394530 /* libPods-GradesforYear2.a in Frameworks */,
			);
			runOnlyForDeploymentPostprocessing = 0;
		};
		CA55199E1FDAE13F0073CC04 /* Frameworks */ = {
			isa = PBXFrameworksBuildPhase;
			buildActionMask = 2147483647;
			files = (
				8D5034DBE5D7550D8BAB80A4 /* libPods-GradesforYear2Tests.a in Frameworks */,
			);
			runOnlyForDeploymentPostprocessing = 0;
		};
		CA5519A91FDAE13F0073CC04 /* Frameworks */ = {
			isa = PBXFrameworksBuildPhase;
			buildActionMask = 2147483647;
			files = (
				20BD72AF449BB49CCA69D216 /* libPods-GradesforYear2UITests.a in Frameworks */,
			);
			runOnlyForDeploymentPostprocessing = 0;
		};
/* End PBXFrameworksBuildPhase section */

/* Begin PBXGroup section */
		622B2A9966C9D3A6C3625483 /* Frameworks */ = {
			isa = PBXGroup;
			children = (
				FFCD5821560E119CE4BB8CD2 /* libPods-GradesforYear2.a */,
				A54B4EE2CCC20F24807C26B2 /* libPods-GradesforYear2Tests.a */,
				FF83260726B6F6D4458451A9 /* libPods-GradesforYear2UITests.a */,
			);
			name = Frameworks;
			sourceTree = "<group>";
		};
		CA1E622D1FDB367500609DA7 /* icons for tab bar */ = {
			isa = PBXGroup;
			children = (
				CAA596351FDC298600C3C57E /* pencil-7.png */,
				CA25825B1FDB794F00555F05 /* album-simple-7.png */,
				CA25825D1FDB795800555F05 /* book-cover-star-7.png */,
			);
			name = "icons for tab bar";
			sourceTree = "<group>";
		};
		CA55197F1FDAE13F0073CC04 = {
			isa = PBXGroup;
			children = (
				CA55198A1FDAE13F0073CC04 /* GradesforYear2 */,
				CA5519A41FDAE13F0073CC04 /* GradesforYear2Tests */,
				CA5519AF1FDAE13F0073CC04 /* GradesforYear2UITests */,
				CA5519891FDAE13F0073CC04 /* Products */,
				E0834755D835F420041F6188 /* Pods */,
				622B2A9966C9D3A6C3625483 /* Frameworks */,
			);
			sourceTree = "<group>";
		};
		CA5519891FDAE13F0073CC04 /* Products */ = {
			isa = PBXGroup;
			children = (
				CA5519881FDAE13F0073CC04 /* GradesforYear2.app */,
				CA5519A11FDAE13F0073CC04 /* GradesforYear2Tests.xctest */,
				CA5519AC1FDAE13F0073CC04 /* GradesforYear2UITests.xctest */,
			);
			name = Products;
			sourceTree = "<group>";
		};
		CA55198A1FDAE13F0073CC04 /* GradesforYear2 */ = {
			isa = PBXGroup;
			children = (
				CA1E622D1FDB367500609DA7 /* icons for tab bar */,
				CA55198E1FDAE13F0073CC04 /* AppDelegate.h */,
				CA55198F1FDAE13F0073CC04 /* AppDelegate.m */,
				CA5519911FDAE13F0073CC04 /* ViewController.h */,
				CA5519921FDAE13F0073CC04 /* ViewController.m */,
				CA5519941FDAE13F0073CC04 /* Main.storyboard */,
				CA1AFD371FDDB42100A929B2 /* singletonclass.h */,
				CA1AFD381FDDB42100A929B2 /* singletonclass.m */,
				CA674CF11FDC780200512886 /* ViewmoduledataViewController.h */,
				CA674CF21FDC780200512886 /* ViewmoduledataViewController.m */,
				CAA5962F1FDC163E00C3C57E /* module.h */,
				CAA596301FDC163E00C3C57E /* module.m */,
				CAA596321FDC16BA00C3C57E /* Datamodel.h */,
				CAA596331FDC16BA00C3C57E /* Datamodel.m */,
				CAA5962C1FDC15D600C3C57E /* subjectTableViewController.h */,
				CAA5962D1FDC15D600C3C57E /* subjectTableViewController.m */,
				CA2582621FDC130F00555F05 /* choosemoduleViewController.h */,
				CA2582631FDC130F00555F05 /* choosemoduleViewController.m */,
				CA5519971FDAE13F0073CC04 /* Assets.xcassets */,
				CA5519991FDAE13F0073CC04 /* LaunchScreen.storyboard */,
				CA55199C1FDAE13F0073CC04 /* Info.plist */,
				CA55198B1FDAE13F0073CC04 /* Supporting Files */,
			);
			path = GradesforYear2;
			sourceTree = "<group>";
		};
		CA55198B1FDAE13F0073CC04 /* Supporting Files */ = {
			isa = PBXGroup;
			children = (
				CA1E62201FDB31DE00609DA7 /* MMDrawerBarButtonItem.h */,
				CA1E62211FDB31DE00609DA7 /* MMDrawerBarButtonItem.m */,
				CA1E62221FDB31DE00609DA7 /* MMDrawerController.h */,
				CA1E62231FDB31DE00609DA7 /* MMDrawerController.m */,
				CA1E62241FDB31DE00609DA7 /* MMDrawerController+Subclass.h */,
				CA1E62251FDB31DE00609DA7 /* MMDrawerVisualState.h */,
				CA1E62261FDB31DE00609DA7 /* MMDrawerVisualState.m */,
				CA1E62271FDB31DE00609DA7 /* UIViewController+MMDrawerController.h */,
				CA1E62281FDB31DE00609DA7 /* UIViewController+MMDrawerController.m */,
				CA5519C11FDAE2230073CC04 /* NSString+Morphing.h */,
				CA5519C21FDAE2230073CC04 /* NSString+Morphing.m */,
				CA5519BE1FDAE1F00073CC04 /* TOMSMorphingLabel.h */,
				CA5519BF1FDAE1F00073CC04 /* TOMSMorphingLabel.m */,
				CA55198C1FDAE13F0073CC04 /* main.m */,
			);
			name = "Supporting Files";
			sourceTree = "<group>";
		};
		CA5519A41FDAE13F0073CC04 /* GradesforYear2Tests */ = {
			isa = PBXGroup;
			children = (
				CA5519A51FDAE13F0073CC04 /* GradesforYear2Tests.m */,
				CA5519A71FDAE13F0073CC04 /* Info.plist */,
			);
			path = GradesforYear2Tests;
			sourceTree = "<group>";
		};
		CA5519AF1FDAE13F0073CC04 /* GradesforYear2UITests */ = {
			isa = PBXGroup;
			children = (
				CA5519B01FDAE13F0073CC04 /* GradesforYear2UITests.m */,
				CA5519B21FDAE13F0073CC04 /* Info.plist */,
			);
			path = GradesforYear2UITests;
			sourceTree = "<group>";
		};
		E0834755D835F420041F6188 /* Pods */ = {
			isa = PBXGroup;
			children = (
				6E5EE3EE1927A8141EABDDAF /* Pods-GradesforYear2.debug.xcconfig */,
				FEDA9DAF027659A0DFC080AB /* Pods-GradesforYear2.release.xcconfig */,
				B04E0B302786BBF6956CAEEE /* Pods-GradesforYear2Tests.debug.xcconfig */,
				12CE90BA7877A37330423CBB /* Pods-GradesforYear2Tests.release.xcconfig */,
				14201BD8231177083207E6F6 /* Pods-GradesforYear2UITests.debug.xcconfig */,
				7528C17429639571F4B19549 /* Pods-GradesforYear2UITests.release.xcconfig */,
			);
			name = Pods;
			sourceTree = "<group>";
		};
/* End PBXGroup section */

/* Begin PBXNativeTarget section */
		CA5519871FDAE13F0073CC04 /* GradesforYear2 */ = {
			isa = PBXNativeTarget;
			buildConfigurationList = CA5519B51FDAE13F0073CC04 /* Build configuration list for PBXNativeTarget "GradesforYear2" */;
			buildPhases = (
				42B610C10EF6B13DD73EDC77 /* [CP] Check Pods Manifest.lock */,
				CA5519841FDAE13F0073CC04 /* Sources */,
				CA5519851FDAE13F0073CC04 /* Frameworks */,
				CA5519861FDAE13F0073CC04 /* Resources */,
				2EB8D3A6CF5C8105FFCBC2A5 /* [CP] Embed Pods Frameworks */,
				E16585D265C74CF298498A6F /* [CP] Copy Pods Resources */,
			);
			buildRules = (
			);
			dependencies = (
			);
			name = GradesforYear2;
			productName = GradesforYear2;
			productReference = CA5519881FDAE13F0073CC04 /* GradesforYear2.app */;
			productType = "com.apple.product-type.application";
		};
		CA5519A01FDAE13F0073CC04 /* GradesforYear2Tests */ = {
			isa = PBXNativeTarget;
			buildConfigurationList = CA5519B81FDAE13F0073CC04 /* Build configuration list for PBXNativeTarget "GradesforYear2Tests" */;
			buildPhases = (
				7464C32C6EB1A5131D095C43 /* [CP] Check Pods Manifest.lock */,
				CA55199D1FDAE13F0073CC04 /* Sources */,
				CA55199E1FDAE13F0073CC04 /* Frameworks */,
				CA55199F1FDAE13F0073CC04 /* Resources */,
				80521E88775DE4FD662C66F4 /* [CP] Embed Pods Frameworks */,
				C87EECDFA55CD73B2FD71083 /* [CP] Copy Pods Resources */,
			);
			buildRules = (
			);
			dependencies = (
				CA5519A31FDAE13F0073CC04 /* PBXTargetDependency */,
			);
			name = GradesforYear2Tests;
			productName = GradesforYear2Tests;
			productReference = CA5519A11FDAE13F0073CC04 /* GradesforYear2Tests.xctest */;
			productType = "com.apple.product-type.bundle.unit-test";
		};
		CA5519AB1FDAE13F0073CC04 /* GradesforYear2UITests */ = {
			isa = PBXNativeTarget;
			buildConfigurationList = CA5519BB1FDAE13F0073CC04 /* Build configuration list for PBXNativeTarget "GradesforYear2UITests" */;
			buildPhases = (
				377D4FDBAABBD5A776C18947 /* [CP] Check Pods Manifest.lock */,
				CA5519A81FDAE13F0073CC04 /* Sources */,
				CA5519A91FDAE13F0073CC04 /* Frameworks */,
				CA5519AA1FDAE13F0073CC04 /* Resources */,
				DDE7BEC7D8956C55B0A964ED /* [CP] Embed Pods Frameworks */,
				0554A5AFF094B91579643C72 /* [CP] Copy Pods Resources */,
			);
			buildRules = (
			);
			dependencies = (
				CA5519AE1FDAE13F0073CC04 /* PBXTargetDependency */,
			);
			name = GradesforYear2UITests;
			productName = GradesforYear2UITests;
			productReference = CA5519AC1FDAE13F0073CC04 /* GradesforYear2UITests.xctest */;
			productType = "com.apple.product-type.bundle.ui-testing";
		};
/* End PBXNativeTarget section */

/* Begin PBXProject section */
		CA5519801FDAE13F0073CC04 /* Project object */ = {
			isa = PBXProject;
			attributes = {
				LastUpgradeCheck = 0830;
				TargetAttributes = {
					CA5519871FDAE13F0073CC04 = {
						CreatedOnToolsVersion = 8.3.3;
						ProvisioningStyle = Automatic;
					};
					CA5519A01FDAE13F0073CC04 = {
						CreatedOnToolsVersion = 8.3.3;
						ProvisioningStyle = Automatic;
						TestTargetID = CA5519871FDAE13F0073CC04;
					};
					CA5519AB1FDAE13F0073CC04 = {
						CreatedOnToolsVersion = 8.3.3;
						ProvisioningStyle = Automatic;
						TestTargetID = CA5519871FDAE13F0073CC04;
					};
				};
			};
			buildConfigurationList = CA5519831FDAE13F0073CC04 /* Build configuration list for PBXProject "GradesforYear2" */;
			compatibilityVersion = "Xcode 3.2";
			developmentRegion = English;
			hasScannedForEncodings = 0;
			knownRegions = (
				en,
				Base,
			);
			mainGroup = CA55197F1FDAE13F0073CC04;
			productRefGroup = CA5519891FDAE13F0073CC04 /* Products */;
			projectDirPath = "";
			projectRoot = "";
			targets = (
				CA5519871FDAE13F0073CC04 /* GradesforYear2 */,
				CA5519A01FDAE13F0073CC04 /* GradesforYear2Tests */,
				CA5519AB1FDAE13F0073CC04 /* GradesforYear2UITests */,
			);
		};
/* End PBXProject section */

/* Begin PBXResourcesBuildPhase section */
		CA5519861FDAE13F0073CC04 /* Resources */ = {
			isa = PBXResourcesBuildPhase;
			buildActionMask = 2147483647;
			files = (
				CA55199B1FDAE13F0073CC04 /* LaunchScreen.storyboard in Resources */,
				CA25825E1FDB795800555F05 /* book-cover-star-7.png in Resources */,
				CA25825C1FDB794F00555F05 /* album-simple-7.png in Resources */,
				CA5519981FDAE13F0073CC04 /* Assets.xcassets in Resources */,
				CAA596361FDC298600C3C57E /* pencil-7.png in Resources */,
				CA5519961FDAE13F0073CC04 /* Main.storyboard in Resources */,
			);
			runOnlyForDeploymentPostprocessing = 0;
		};
		CA55199F1FDAE13F0073CC04 /* Resources */ = {
			isa = PBXResourcesBuildPhase;
			buildActionMask = 2147483647;
			files = (
			);
			runOnlyForDeploymentPostprocessing = 0;
		};
		CA5519AA1FDAE13F0073CC04 /* Resources */ = {
			isa = PBXResourcesBuildPhase;
			buildActionMask = 2147483647;
			files = (
			);
			runOnlyForDeploymentPostprocessing = 0;
		};
/* End PBXResourcesBuildPhase section */

/* Begin PBXShellScriptBuildPhase section */
		0554A5AFF094B91579643C72 /* [CP] Copy Pods Resources */ = {
			isa = PBXShellScriptBuildPhase;
			buildActionMask = 2147483647;
			files = (
			);
			inputPaths = (
			);
			name = "[CP] Copy Pods Resources";
			outputPaths = (
			);
			runOnlyForDeploymentPostprocessing = 0;
			shellPath = /bin/sh;
			shellScript = "\"${SRCROOT}/Pods/Target Support Files/Pods-GradesforYear2UITests/Pods-GradesforYear2UITests-resources.sh\"\n";
			showEnvVarsInLog = 0;
		};
		2EB8D3A6CF5C8105FFCBC2A5 /* [CP] Embed Pods Frameworks */ = {
			isa = PBXShellScriptBuildPhase;
			buildActionMask = 2147483647;
			files = (
			);
			inputPaths = (
			);
			name = "[CP] Embed Pods Frameworks";
			outputPaths = (
			);
			runOnlyForDeploymentPostprocessing = 0;
			shellPath = /bin/sh;
			shellScript = "\"${SRCROOT}/Pods/Target Support Files/Pods-GradesforYear2/Pods-GradesforYear2-frameworks.sh\"\n";
			showEnvVarsInLog = 0;
		};
		377D4FDBAABBD5A776C18947 /* [CP] Check Pods Manifest.lock */ = {
			isa = PBXShellScriptBuildPhase;
			buildActionMask = 2147483647;
			files = (
			);
			inputPaths = (
				"${PODS_PODFILE_DIR_PATH}/Podfile.lock",
				"${PODS_ROOT}/Manifest.lock",
			);
			name = "[CP] Check Pods Manifest.lock";
			outputPaths = (
				"$(DERIVED_FILE_DIR)/Pods-GradesforYear2UITests-checkManifestLockResult.txt",
			);
			runOnlyForDeploymentPostprocessing = 0;
			shellPath = /bin/sh;
			shellScript = "diff \"${PODS_PODFILE_DIR_PATH}/Podfile.lock\" \"${PODS_ROOT}/Manifest.lock\" > /dev/null\nif [ $? != 0 ] ; then\n    # print error to STDERR\n    echo \"error: The sandbox is not in sync with the Podfile.lock. Run 'pod install' or update your CocoaPods installation.\" >&2\n    exit 1\nfi\n# This output is used by Xcode 'outputs' to avoid re-running this script phase.\necho \"SUCCESS\" > \"${SCRIPT_OUTPUT_FILE_0}\"\n";
			showEnvVarsInLog = 0;
		};
		42B610C10EF6B13DD73EDC77 /* [CP] Check Pods Manifest.lock */ = {
			isa = PBXShellScriptBuildPhase;
			buildActionMask = 2147483647;
			files = (
			);
			inputPaths = (
				"${PODS_PODFILE_DIR_PATH}/Podfile.lock",
				"${PODS_ROOT}/Manifest.lock",
			);
			name = "[CP] Check Pods Manifest.lock";
			outputPaths = (
				"$(DERIVED_FILE_DIR)/Pods-GradesforYear2-checkManifestLockResult.txt",
			);
			runOnlyForDeploymentPostprocessing = 0;
			shellPath = /bin/sh;
			shellScript = "diff \"${PODS_PODFILE_DIR_PATH}/Podfile.lock\" \"${PODS_ROOT}/Manifest.lock\" > /dev/null\nif [ $? != 0 ] ; then\n    # print error to STDERR\n    echo \"error: The sandbox is not in sync with the Podfile.lock. Run 'pod install' or update your CocoaPods installation.\" >&2\n    exit 1\nfi\n# This output is used by Xcode 'outputs' to avoid re-running this script phase.\necho \"SUCCESS\" > \"${SCRIPT_OUTPUT_FILE_0}\"\n";
			showEnvVarsInLog = 0;
		};
		7464C32C6EB1A5131D095C43 /* [CP] Check Pods Manifest.lock */ = {
			isa = PBXShellScriptBuildPhase;
			buildActionMask = 2147483647;
			files = (
			);
			inputPaths = (
				"${PODS_PODFILE_DIR_PATH}/Podfile.lock",
				"${PODS_ROOT}/Manifest.lock",
			);
			name = "[CP] Check Pods Manifest.lock";
			outputPaths = (
				"$(DERIVED_FILE_DIR)/Pods-GradesforYear2Tests-checkManifestLockResult.txt",
			);
			runOnlyForDeploymentPostprocessing = 0;
			shellPath = /bin/sh;
			shellScript = "diff \"${PODS_PODFILE_DIR_PATH}/Podfile.lock\" \"${PODS_ROOT}/Manifest.lock\" > /dev/null\nif [ $? != 0 ] ; then\n    # print error to STDERR\n    echo \"error: The sandbox is not in sync with the Podfile.lock. Run 'pod install' or update your CocoaPods installation.\" >&2\n    exit 1\nfi\n# This output is used by Xcode 'outputs' to avoid re-running this script phase.\necho \"SUCCESS\" > \"${SCRIPT_OUTPUT_FILE_0}\"\n";
			showEnvVarsInLog = 0;
		};
		80521E88775DE4FD662C66F4 /* [CP] Embed Pods Frameworks */ = {
			isa = PBXShellScriptBuildPhase;
			buildActionMask = 2147483647;
			files = (
			);
			inputPaths = (
			);
			name = "[CP] Embed Pods Frameworks";
			outputPaths = (
			);
			runOnlyForDeploymentPostprocessing = 0;
			shellPath = /bin/sh;
			shellScript = "\"${SRCROOT}/Pods/Target Support Files/Pods-GradesforYear2Tests/Pods-GradesforYear2Tests-frameworks.sh\"\n";
			showEnvVarsInLog = 0;
		};
		C87EECDFA55CD73B2FD71083 /* [CP] Copy Pods Resources */ = {
			isa = PBXShellScriptBuildPhase;
			buildActionMask = 2147483647;
			files = (
			);
			inputPaths = (
			);
			name = "[CP] Copy Pods Resources";
			outputPaths = (
			);
			runOnlyForDeploymentPostprocessing = 0;
			shellPath = /bin/sh;
			shellScript = "\"${SRCROOT}/Pods/Target Support Files/Pods-GradesforYear2Tests/Pods-GradesforYear2Tests-resources.sh\"\n";
			showEnvVarsInLog = 0;
		};
		DDE7BEC7D8956C55B0A964ED /* [CP] Embed Pods Frameworks */ = {
			isa = PBXShellScriptBuildPhase;
			buildActionMask = 2147483647;
			files = (
			);
			inputPaths = (
			);
			name = "[CP] Embed Pods Frameworks";
			outputPaths = (
			);
			runOnlyForDeploymentPostprocessing = 0;
			shellPath = /bin/sh;
			shellScript = "\"${SRCROOT}/Pods/Target Support Files/Pods-GradesforYear2UITests/Pods-GradesforYear2UITests-frameworks.sh\"\n";
			showEnvVarsInLog = 0;
		};
		E16585D265C74CF298498A6F /* [CP] Copy Pods Resources */ = {
			isa = PBXShellScriptBuildPhase;
			buildActionMask = 2147483647;
			files = (
			);
			inputPaths = (
			);
			name = "[CP] Copy Pods Resources";
			outputPaths = (
			);
			runOnlyForDeploymentPostprocessing = 0;
			shellPath = /bin/sh;
			shellScript = "\"${SRCROOT}/Pods/Target Support Files/Pods-GradesforYear2/Pods-GradesforYear2-resources.sh\"\n";
			showEnvVarsInLog = 0;
		};
/* End PBXShellScriptBuildPhase section */

/* Begin PBXSourcesBuildPhase section */
		CA5519841FDAE13F0073CC04 /* Sources */ = {
			isa = PBXSourcesBuildPhase;
			buildActionMask = 2147483647;
			files = (
				CA1E622B1FDB31DE00609DA7 /* MMDrawerVisualState.m in Sources */,
				CA5519931FDAE13F0073CC04 /* ViewController.m in Sources */,
				CAA5962E1FDC15D600C3C57E /* subjectTableViewController.m in Sources */,
				CA1E622A1FDB31DE00609DA7 /* MMDrawerController.m in Sources */,
				CA2582641FDC130F00555F05 /* choosemoduleViewController.m in Sources */,
				CAA596311FDC163E00C3C57E /* module.m in Sources */,
				CAA596341FDC16BA00C3C57E /* Datamodel.m in Sources */,
				CA5519C01FDAE1F00073CC04 /* TOMSMorphingLabel.m in Sources */,
				CA5519901FDAE13F0073CC04 /* AppDelegate.m in Sources */,
				CA674CF31FDC780200512886 /* ViewmoduledataViewController.m in Sources */,
				CA1E622C1FDB31DE00609DA7 /* UIViewController+MMDrawerController.m in Sources */,
				CA1E62291FDB31DE00609DA7 /* MMDrawerBarButtonItem.m in Sources */,
				CA5519C31FDAE2230073CC04 /* NSString+Morphing.m in Sources */,
				CA55198D1FDAE13F0073CC04 /* main.m in Sources */,
				CA1AFD391FDDB42100A929B2 /* singletonclass.m in Sources */,
			);
			runOnlyForDeploymentPostprocessing = 0;
		};
		CA55199D1FDAE13F0073CC04 /* Sources */ = {
			isa = PBXSourcesBuildPhase;
			buildActionMask = 2147483647;
			files = (
				CA5519A61FDAE13F0073CC04 /* GradesforYear2Tests.m in Sources */,
			);
			runOnlyForDeploymentPostprocessing = 0;
		};
		CA5519A81FDAE13F0073CC04 /* Sources */ = {
			isa = PBXSourcesBuildPhase;
			buildActionMask = 2147483647;
			files = (
				CA5519B11FDAE13F0073CC04 /* GradesforYear2UITests.m in Sources */,
			);
			runOnlyForDeploymentPostprocessing = 0;
		};
/* End PBXSourcesBuildPhase section */

/* Begin PBXTargetDependency section */
		CA5519A31FDAE13F0073CC04 /* PBXTargetDependency */ = {
			isa = PBXTargetDependency;
			target = CA5519871FDAE13F0073CC04 /* GradesforYear2 */;
			targetProxy = CA5519A21FDAE13F0073CC04 /* PBXContainerItemProxy */;
		};
		CA5519AE1FDAE13F0073CC04 /* PBXTargetDependency */ = {
			isa = PBXTargetDependency;
			target = CA5519871FDAE13F0073CC04 /* GradesforYear2 */;
			targetProxy = CA5519AD1FDAE13F0073CC04 /* PBXContainerItemProxy */;
		};
/* End PBXTargetDependency section */

/* Begin PBXVariantGroup section */
		CA5519941FDAE13F0073CC04 /* Main.storyboard */ = {
			isa = PBXVariantGroup;
			children = (
				CA5519951FDAE13F0073CC04 /* Base */,
			);
			name = Main.storyboard;
			sourceTree = "<group>";
		};
		CA5519991FDAE13F0073CC04 /* LaunchScreen.storyboard */ = {
			isa = PBXVariantGroup;
			children = (
				CA55199A1FDAE13F0073CC04 /* Base */,
			);
			name = LaunchScreen.storyboard;
			sourceTree = "<group>";
		};
/* End PBXVariantGroup section */

/* Begin XCBuildConfiguration section */
		CA5519B31FDAE13F0073CC04 /* Debug */ = {
			isa = XCBuildConfiguration;
			buildSettings = {
				ALWAYS_SEARCH_USER_PATHS = NO;
				CLANG_ANALYZER_NONNULL = YES;
				CLANG_ANALYZER_NUMBER_OBJECT_CONVERSION = YES_AGGRESSIVE;
				CLANG_CXX_LANGUAGE_STANDARD = "gnu++0x";
				CLANG_CXX_LIBRARY = "libc++";
				CLANG_ENABLE_MODULES = YES;
				CLANG_ENABLE_OBJC_ARC = YES;
				CLANG_WARN_BOOL_CONVERSION = YES;
				CLANG_WARN_CONSTANT_CONVERSION = YES;
				CLANG_WARN_DIRECT_OBJC_ISA_USAGE = YES_ERROR;
				CLANG_WARN_DOCUMENTATION_COMMENTS = YES;
				CLANG_WARN_EMPTY_BODY = YES;
				CLANG_WARN_ENUM_CONVERSION = YES;
				CLANG_WARN_INFINITE_RECURSION = YES;
				CLANG_WARN_INT_CONVERSION = YES;
				CLANG_WARN_OBJC_ROOT_CLASS = YES_ERROR;
				CLANG_WARN_SUSPICIOUS_MOVE = YES;
				CLANG_WARN_UNREACHABLE_CODE = YES;
				CLANG_WARN__DUPLICATE_METHOD_MATCH = YES;
				"CODE_SIGN_IDENTITY[sdk=iphoneos*]" = "iPhone Developer";
				COPY_PHASE_STRIP = NO;
				DEBUG_INFORMATION_FORMAT = dwarf;
				ENABLE_STRICT_OBJC_MSGSEND = YES;
				ENABLE_TESTABILITY = YES;
				GCC_C_LANGUAGE_STANDARD = gnu99;
				GCC_DYNAMIC_NO_PIC = NO;
				GCC_NO_COMMON_BLOCKS = YES;
				GCC_OPTIMIZATION_LEVEL = 0;
				GCC_PREPROCESSOR_DEFINITIONS = (
					"DEBUG=1",
					"$(inherited)",
				);
				GCC_WARN_64_TO_32_BIT_CONVERSION = YES;
				GCC_WARN_ABOUT_RETURN_TYPE = YES_ERROR;
				GCC_WARN_UNDECLARED_SELECTOR = YES;
				GCC_WARN_UNINITIALIZED_AUTOS = YES_AGGRESSIVE;
				GCC_WARN_UNUSED_FUNCTION = YES;
				GCC_WARN_UNUSED_VARIABLE = YES;
				IPHONEOS_DEPLOYMENT_TARGET = 10.3;
				MTL_ENABLE_DEBUG_INFO = YES;
				ONLY_ACTIVE_ARCH = YES;
				SDKROOT = iphoneos;
				TARGETED_DEVICE_FAMILY = "1,2";
			};
			name = Debug;
		};
		CA5519B41FDAE13F0073CC04 /* Release */ = {
			isa = XCBuildConfiguration;
			buildSettings = {
				ALWAYS_SEARCH_USER_PATHS = NO;
				CLANG_ANALYZER_NONNULL = YES;
				CLANG_ANALYZER_NUMBER_OBJECT_CONVERSION = YES_AGGRESSIVE;
				CLANG_CXX_LANGUAGE_STANDARD = "gnu++0x";
				CLANG_CXX_LIBRARY = "libc++";
				CLANG_ENABLE_MODULES = YES;
				CLANG_ENABLE_OBJC_ARC = YES;
				CLANG_WARN_BOOL_CONVERSION = YES;
				CLANG_WARN_CONSTANT_CONVERSION = YES;
				CLANG_WARN_DIRECT_OBJC_ISA_USAGE = YES_ERROR;
				CLANG_WARN_DOCUMENTATION_COMMENTS = YES;
				CLANG_WARN_EMPTY_BODY = YES;
				CLANG_WARN_ENUM_CONVERSION = YES;
				CLANG_WARN_INFINITE_RECURSION = YES;
				CLANG_WARN_INT_CONVERSION = YES;
				CLANG_WARN_OBJC_ROOT_CLASS = YES_ERROR;
				CLANG_WARN_SUSPICIOUS_MOVE = YES;
				CLANG_WARN_UNREACHABLE_CODE = YES;
				CLANG_WARN__DUPLICATE_METHOD_MATCH = YES;
				"CODE_SIGN_IDENTITY[sdk=iphoneos*]" = "iPhone Developer";
				COPY_PHASE_STRIP = NO;
				DEBUG_INFORMATION_FORMAT = "dwarf-with-dsym";
				ENABLE_NS_ASSERTIONS = NO;
				ENABLE_STRICT_OBJC_MSGSEND = YES;
				GCC_C_LANGUAGE_STANDARD = gnu99;
				GCC_NO_COMMON_BLOCKS = YES;
				GCC_WARN_64_TO_32_BIT_CONVERSION = YES;
				GCC_WARN_ABOUT_RETURN_TYPE = YES_ERROR;
				GCC_WARN_UNDECLARED_SELECTOR = YES;
				GCC_WARN_UNINITIALIZED_AUTOS = YES_AGGRESSIVE;
				GCC_WARN_UNUSED_FUNCTION = YES;
				GCC_WARN_UNUSED_VARIABLE = YES;
				IPHONEOS_DEPLOYMENT_TARGET = 10.3;
				MTL_ENABLE_DEBUG_INFO = NO;
				SDKROOT = iphoneos;
				TARGETED_DEVICE_FAMILY = "1,2";
				VALIDATE_PRODUCT = YES;
			};
			name = Release;
		};
		CA5519B61FDAE13F0073CC04 /* Debug */ = {
			isa = XCBuildConfiguration;
			baseConfigurationReference = 6E5EE3EE1927A8141EABDDAF /* Pods-GradesforYear2.debug.xcconfig */;
			buildSettings = {
				ASSETCATALOG_COMPILER_APPICON_NAME = AppIcon;
				INFOPLIST_FILE = GradesforYear2/Info.plist;
				LD_RUNPATH_SEARCH_PATHS = "$(inherited) @executable_path/Frameworks";
				PRODUCT_BUNDLE_IDENTIFIER = "Fasih-Qureshi.GradesforYear2";
				PRODUCT_NAME = "$(TARGET_NAME)";
			};
			name = Debug;
		};
		CA5519B71FDAE13F0073CC04 /* Release */ = {
			isa = XCBuildConfiguration;
			baseConfigurationReference = FEDA9DAF027659A0DFC080AB /* Pods-GradesforYear2.release.xcconfig */;
			buildSettings = {
				ASSETCATALOG_COMPILER_APPICON_NAME = AppIcon;
				INFOPLIST_FILE = GradesforYear2/Info.plist;
				LD_RUNPATH_SEARCH_PATHS = "$(inherited) @executable_path/Frameworks";
				PRODUCT_BUNDLE_IDENTIFIER = "Fasih-Qureshi.GradesforYear2";
				PRODUCT_NAME = "$(TARGET_NAME)";
			};
			name = Release;
		};
		CA5519B91FDAE13F0073CC04 /* Debug */ = {
			isa = XCBuildConfiguration;
			baseConfigurationReference = B04E0B302786BBF6956CAEEE /* Pods-GradesforYear2Tests.debug.xcconfig */;
			buildSettings = {
				BUNDLE_LOADER = "$(TEST_HOST)";
				INFOPLIST_FILE = GradesforYear2Tests/Info.plist;
				LD_RUNPATH_SEARCH_PATHS = "$(inherited) @executable_path/Frameworks @loader_path/Frameworks";
				PRODUCT_BUNDLE_IDENTIFIER = "Fasih-Qureshi.GradesforYear2Tests";
				PRODUCT_NAME = "$(TARGET_NAME)";
				TEST_HOST = "$(BUILT_PRODUCTS_DIR)/GradesforYear2.app/GradesforYear2";
			};
			name = Debug;
		};
		CA5519BA1FDAE13F0073CC04 /* Release */ = {
			isa = XCBuildConfiguration;
			baseConfigurationReference = 12CE90BA7877A37330423CBB /* Pods-GradesforYear2Tests.release.xcconfig */;
			buildSettings = {
				BUNDLE_LOADER = "$(TEST_HOST)";
				INFOPLIST_FILE = GradesforYear2Tests/Info.plist;
				LD_RUNPATH_SEARCH_PATHS = "$(inherited) @executable_path/Frameworks @loader_path/Frameworks";
				PRODUCT_BUNDLE_IDENTIFIER = "Fasih-Qureshi.GradesforYear2Tests";
				PRODUCT_NAME = "$(TARGET_NAME)";
				TEST_HOST = "$(BUILT_PRODUCTS_DIR)/GradesforYear2.app/GradesforYear2";
			};
			name = Release;
		};
		CA5519BC1FDAE13F0073CC04 /* Debug */ = {
			isa = XCBuildConfiguration;
			baseConfigurationReference = 14201BD8231177083207E6F6 /* Pods-GradesforYear2UITests.debug.xcconfig */;
			buildSettings = {
				INFOPLIST_FILE = GradesforYear2UITests/Info.plist;
				LD_RUNPATH_SEARCH_PATHS = "$(inherited) @executable_path/Frameworks @loader_path/Frameworks";
				PRODUCT_BUNDLE_IDENTIFIER = "Fasih-Qureshi.GradesforYear2UITests";
				PRODUCT_NAME = "$(TARGET_NAME)";
				TEST_TARGET_NAME = GradesforYear2;
			};
			name = Debug;
		};
		CA5519BD1FDAE13F0073CC04 /* Release */ = {
			isa = XCBuildConfiguration;
			baseConfigurationReference = 7528C17429639571F4B19549 /* Pods-GradesforYear2UITests.release.xcconfig */;
			buildSettings = {
				INFOPLIST_FILE = GradesforYear2UITests/Info.plist;
				LD_RUNPATH_SEARCH_PATHS = "$(inherited) @executable_path/Frameworks @loader_path/Frameworks";
				PRODUCT_BUNDLE_IDENTIFIER = "Fasih-Qureshi.GradesforYear2UITests";
				PRODUCT_NAME = "$(TARGET_NAME)";
				TEST_TARGET_NAME = GradesforYear2;
			};
			name = Release;
		};
/* End XCBuildConfiguration section */

/* Begin XCConfigurationList section */
		CA5519831FDAE13F0073CC04 /* Build configuration list for PBXProject "GradesforYear2" */ = {
			isa = XCConfigurationList;
			buildConfigurations = (
				CA5519B31FDAE13F0073CC04 /* Debug */,
				CA5519B41FDAE13F0073CC04 /* Release */,
			);
			defaultConfigurationIsVisible = 0;
			defaultConfigurationName = Release;
		};
		CA5519B51FDAE13F0073CC04 /* Build configuration list for PBXNativeTarget "GradesforYear2" */ = {
			isa = XCConfigurationList;
			buildConfigurations = (
				CA5519B61FDAE13F0073CC04 /* Debug */,
				CA5519B71FDAE13F0073CC04 /* Release */,
			);
			defaultConfigurationIsVisible = 0;
			defaultConfigurationName = Release;
		};
		CA5519B81FDAE13F0073CC04 /* Build configuration list for PBXNativeTarget "GradesforYear2Tests" */ = {
			isa = XCConfigurationList;
			buildConfigurations = (
				CA5519B91FDAE13F0073CC04 /* Debug */,
				CA5519BA1FDAE13F0073CC04 /* Release */,
			);
			defaultConfigurationIsVisible = 0;
			defaultConfigurationName = Release;
		};
		CA5519BB1FDAE13F0073CC04 /* Build configuration list for PBXNativeTarget "GradesforYear2UITests" */ = {
			isa = XCConfigurationList;
			buildConfigurations = (
				CA5519BC1FDAE13F0073CC04 /* Debug */,
				CA5519BD1FDAE13F0073CC04 /* Release */,
			);
			defaultConfigurationIsVisible = 0;
			defaultConfigurationName = Release;
		};
/* End XCConfigurationList section */
	};
	rootObject = CA5519801FDAE13F0073CC04 /* Project object */;
}
